
Microsoft Visual Studio Solution File, Format Version 12.00
# Visual Studio Version 16
VisualStudioVersion = 16.6.30114.105
MinimumVisualStudioVersion = 10.0.40219.1
Project("{9A19103F-16F7-4668-BE54-9A1E7A4F7556}") = "GarbageCollector", "GarbageCollector\GarbageCollector.csproj", "{B048E520-25FE-46B9-A7B2-BDA30CA6CA60}"
EndProject
Project("{2150E333-8FDC-42A3-9474-1A3956D46DE8}") = "Security", "Security", "{92C44D01-CB4A-40F5-AF35-0FFE5548DC65}"
EndProject
Project("{FAE04EC0-301F-11D3-BF4B-00C04F79EFBC}") = "Cryptography", "Security\Cryptography\Cryptography.csproj", "{FD44DE7E-ADC3-4023-808C-08EDB2544546}"
EndProject
Global
	GlobalSection(SolutionConfigurationPlatforms) = preSolution
		Debug|Any CPU = Debug|Any CPU
		Debug|x64 = Debug|x64
		Debug|x86 = Debug|x86
		Release|Any CPU = Release|Any CPU
		Release|x64 = Release|x64
		Release|x86 = Release|x86
	EndGlobalSection
	GlobalSection(ProjectConfigurationPlatforms) = postSolution
		{B048E520-25FE-46B9-A7B2-BDA30CA6CA60}.Debug|Any CPU.ActiveCfg = Debug|Any CPU
		{B048E520-25FE-46B9-A7B2-BDA30CA6CA60}.Debug|Any CPU.Build.0 = Debug|Any CPU
		{B048E520-25FE-46B9-A7B2-BDA30CA6CA60}.Debug|x64.ActiveCfg = Debug|Any CPU
		{B048E520-25FE-46B9-A7B2-BDA30CA6CA60}.Debug|x64.Build.0 = Debug|Any CPU
		{B048E520-25FE-46B9-A7B2-BDA30CA6CA60}.Debug|x86.ActiveCfg = Debug|Any CPU
		{B048E520-25FE-46B9-A7B2-BDA30CA6CA60}.Debug|x86.Build.0 = Debug|Any CPU
		{B048E520-25FE-46B9-A7B2-BDA30CA6CA60}.Release|Any CPU.ActiveCfg = Release|Any CPU
		{B048E520-25FE-46B9-A7B2-BDA30CA6CA60}.Release|Any CPU.Build.0 = Release|Any CPU
		{B048E520-25FE-46B9-A7B2-BDA30CA6CA60}.Release|x64.ActiveCfg = Release|Any CPU
		{B048E520-25FE-46B9-A7B2-BDA30CA6CA60}.Release|x64.Build.0 = Release|Any CPU
		{B048E520-25FE-46B9-A7B2-BDA30CA6CA60}.Release|x86.ActiveCfg = Release|Any CPU
		{B048E520-25FE-46B9-A7B2-BDA30CA6CA60}.Release|x86.Build.0 = Release|Any CPU
		{FD44DE7E-ADC3-4023-808C-08EDB2544546}.Debug|Any CPU.ActiveCfg = Debug|Any CPU
		{FD44DE7E-ADC3-4023-808C-08EDB2544546}.Debug|Any CPU.Build.0 = Debug|Any CPU
		{FD44DE7E-ADC3-4023-808C-08EDB2544546}.Debug|x64.ActiveCfg = Debug|Any CPU
		{FD44DE7E-ADC3-4023-808C-08EDB2544546}.Debug|x64.Build.0 = Debug|Any CPU
		{FD44DE7E-ADC3-4023-808C-08EDB2544546}.Debug|x86.ActiveCfg = Debug|Any CPU
		{FD44DE7E-ADC3-4023-808C-08EDB2544546}.Debug|x86.Build.0 = Debug|Any CPU
		{FD44DE7E-ADC3-4023-808C-08EDB2544546}.Release|Any CPU.ActiveCfg = Release|Any CPU
		{FD44DE7E-ADC3-4023-808C-08EDB2544546}.Release|Any CPU.Build.0 = Release|Any CPU
		{FD44DE7E-ADC3-4023-808C-08EDB2544546}.Release|x64.ActiveCfg = Release|Any CPU
		{FD44DE7E-ADC3-4023-808C-08EDB2544546}.Release|x64.Build.0 = Release|Any CPU
		{FD44DE7E-ADC3-4023-808C-08EDB2544546}.Release|x86.ActiveCfg = Release|Any CPU
		{FD44DE7E-ADC3-4023-808C-08EDB2544546}.Release|x86.Build.0 = Release|Any CPU
	EndGlobalSection
	GlobalSection(SolutionProperties) = preSolution
		HideSolutionNode = FALSE
	EndGlobalSection
	GlobalSection(ExtensibilityGlobals) = postSolution
		SolutionGuid = {F4333BAF-33BB-47E5-996A-036099C6B309}
	EndGlobalSection
	GlobalSection(NestedProjects) = preSolution
		{FD44DE7E-ADC3-4023-808C-08EDB2544546} = {92C44D01-CB4A-40F5-AF35-0FFE5548DC65}
	EndGlobalSection
EndGlobal
