
Microsoft Visual Studio Solution File, Format Version 12.00
# Visual Studio Version 16
VisualStudioVersion = 16.0.30621.155
MinimumVisualStudioVersion = 10.0.40219.1
Project("{2150E333-8FDC-42A3-9474-1A3956D46DE8}") = "Delegates", "Delegates", "{90178419-66B4-49C7-BF78-85F839277986}"
	ProjectSection(SolutionItems) = preProject
		Questions.txt = Questions.txt
		UserCases.txt = UserCases.txt
	EndProjectSection
EndProject
Project("{2150E333-8FDC-42A3-9474-1A3956D46DE8}") = "Enumerator", "Enumerator", "{99EC9AC1-4AF9-4DA3-A272-B6FFFC45003A}"
EndProject
Project("{2150E333-8FDC-42A3-9474-1A3956D46DE8}") = "Yield Keyword", "Yield Keyword", "{51058533-2D30-4166-A3F2-8488B6BCA29D}"
EndProject
Project("{9A19103F-16F7-4668-BE54-9A1E7A4F7556}") = "DelegateCreatesObj", "Delegates\DelegateCreatesObj\DelegateCreatesObj.csproj", "{E9F85943-5AEC-4E72-9353-04F2E2783318}"
EndProject
Project("{9A19103F-16F7-4668-BE54-9A1E7A4F7556}") = "Main", "Delegates\Example\Main.csproj", "{463C787C-7B66-48A0-B23C-986B07419C42}"
EndProject
Project("{9A19103F-16F7-4668-BE54-9A1E7A4F7556}") = "MoshHamenadi", "Delegates\MoshHamenadi\MoshHamenadi.csproj", "{1A4CEBF6-A134-4D6A-B821-EE0B4CBF3E61}"
EndProject
Project("{9A19103F-16F7-4668-BE54-9A1E7A4F7556}") = "IntArrayToString", "Enumerator\IntArrayToString\IntArrayToString.csproj", "{FB29C3CB-E08E-4988-B05E-1598F91522CF}"
EndProject
Project("{9A19103F-16F7-4668-BE54-9A1E7A4F7556}") = "SimpleExample", "Enumerator\SimpleExample\SimpleExample.csproj", "{EA4DFE91-F382-4575-BAC9-7FB75D333A5C}"
EndProject
Project("{9A19103F-16F7-4668-BE54-9A1E7A4F7556}") = "SimpleYieldExample", "YieldKeyword\SimpleYieldExample\SimpleYieldExample.csproj", "{503990A1-84F3-43BC-9C86-8537F94A8F59}"
EndProject
Global
	GlobalSection(SolutionConfigurationPlatforms) = preSolution
		Debug|Any CPU = Debug|Any CPU
		Release|Any CPU = Release|Any CPU
	EndGlobalSection
	GlobalSection(ProjectConfigurationPlatforms) = postSolution
		{E9F85943-5AEC-4E72-9353-04F2E2783318}.Debug|Any CPU.ActiveCfg = Debug|Any CPU
		{E9F85943-5AEC-4E72-9353-04F2E2783318}.Debug|Any CPU.Build.0 = Debug|Any CPU
		{E9F85943-5AEC-4E72-9353-04F2E2783318}.Release|Any CPU.ActiveCfg = Release|Any CPU
		{E9F85943-5AEC-4E72-9353-04F2E2783318}.Release|Any CPU.Build.0 = Release|Any CPU
		{463C787C-7B66-48A0-B23C-986B07419C42}.Debug|Any CPU.ActiveCfg = Debug|Any CPU
		{463C787C-7B66-48A0-B23C-986B07419C42}.Debug|Any CPU.Build.0 = Debug|Any CPU
		{463C787C-7B66-48A0-B23C-986B07419C42}.Release|Any CPU.ActiveCfg = Release|Any CPU
		{463C787C-7B66-48A0-B23C-986B07419C42}.Release|Any CPU.Build.0 = Release|Any CPU
		{1A4CEBF6-A134-4D6A-B821-EE0B4CBF3E61}.Debug|Any CPU.ActiveCfg = Debug|Any CPU
		{1A4CEBF6-A134-4D6A-B821-EE0B4CBF3E61}.Debug|Any CPU.Build.0 = Debug|Any CPU
		{1A4CEBF6-A134-4D6A-B821-EE0B4CBF3E61}.Release|Any CPU.ActiveCfg = Release|Any CPU
		{1A4CEBF6-A134-4D6A-B821-EE0B4CBF3E61}.Release|Any CPU.Build.0 = Release|Any CPU
		{FB29C3CB-E08E-4988-B05E-1598F91522CF}.Debug|Any CPU.ActiveCfg = Debug|Any CPU
		{FB29C3CB-E08E-4988-B05E-1598F91522CF}.Debug|Any CPU.Build.0 = Debug|Any CPU
		{FB29C3CB-E08E-4988-B05E-1598F91522CF}.Release|Any CPU.ActiveCfg = Release|Any CPU
		{FB29C3CB-E08E-4988-B05E-1598F91522CF}.Release|Any CPU.Build.0 = Release|Any CPU
		{EA4DFE91-F382-4575-BAC9-7FB75D333A5C}.Debug|Any CPU.ActiveCfg = Debug|Any CPU
		{EA4DFE91-F382-4575-BAC9-7FB75D333A5C}.Debug|Any CPU.Build.0 = Debug|Any CPU
		{EA4DFE91-F382-4575-BAC9-7FB75D333A5C}.Release|Any CPU.ActiveCfg = Release|Any CPU
		{EA4DFE91-F382-4575-BAC9-7FB75D333A5C}.Release|Any CPU.Build.0 = Release|Any CPU
		{503990A1-84F3-43BC-9C86-8537F94A8F59}.Debug|Any CPU.ActiveCfg = Debug|Any CPU
		{503990A1-84F3-43BC-9C86-8537F94A8F59}.Debug|Any CPU.Build.0 = Debug|Any CPU
		{503990A1-84F3-43BC-9C86-8537F94A8F59}.Release|Any CPU.ActiveCfg = Release|Any CPU
		{503990A1-84F3-43BC-9C86-8537F94A8F59}.Release|Any CPU.Build.0 = Release|Any CPU
	EndGlobalSection
	GlobalSection(SolutionProperties) = preSolution
		HideSolutionNode = FALSE
	EndGlobalSection
	GlobalSection(NestedProjects) = preSolution
		{E9F85943-5AEC-4E72-9353-04F2E2783318} = {90178419-66B4-49C7-BF78-85F839277986}
		{463C787C-7B66-48A0-B23C-986B07419C42} = {90178419-66B4-49C7-BF78-85F839277986}
		{1A4CEBF6-A134-4D6A-B821-EE0B4CBF3E61} = {90178419-66B4-49C7-BF78-85F839277986}
		{FB29C3CB-E08E-4988-B05E-1598F91522CF} = {99EC9AC1-4AF9-4DA3-A272-B6FFFC45003A}
		{EA4DFE91-F382-4575-BAC9-7FB75D333A5C} = {99EC9AC1-4AF9-4DA3-A272-B6FFFC45003A}
		{503990A1-84F3-43BC-9C86-8537F94A8F59} = {51058533-2D30-4166-A3F2-8488B6BCA29D}
	EndGlobalSection
	GlobalSection(ExtensibilityGlobals) = postSolution
		SolutionGuid = {A115C9EE-A4BC-41EF-A434-712FCC3902DC}
	EndGlobalSection
EndGlobal
